
Microsoft Visual Studio Solution File, Format Version 12.00
# Visual Studio Version 17
VisualStudioVersion = 17.9.34728.123
MinimumVisualStudioVersion = 10.0.40219.1
Project("{FAE04EC0-301F-11D3-BF4B-00C04F79EFBC}") = "ConsoleApp2", "ConsoleApp2.csproj", "{27E3F7D9-A0F2-448C-9462-1BE4C5346A49}"
EndProject
Global
	GlobalSection(SolutionConfigurationPlatforms) = preSolution
		Debug|Any CPU = Debug|Any CPU
		Release|Any CPU = Release|Any CPU
	EndGlobalSection
	GlobalSection(ProjectConfigurationPlatforms) = postSolution
		{27E3F7D9-A0F2-448C-9462-1BE4C5346A49}.Debug|Any CPU.ActiveCfg = Debug|Any CPU
		{27E3F7D9-A0F2-448C-9462-1BE4C5346A49}.Debug|Any CPU.Build.0 = Debug|Any CPU
		{27E3F7D9-A0F2-448C-9462-1BE4C5346A49}.Release|Any CPU.ActiveCfg = Release|Any CPU
		{27E3F7D9-A0F2-448C-9462-1BE4C5346A49}.Release|Any CPU.Build.0 = Release|Any CPU
	EndGlobalSection
	GlobalSection(SolutionProperties) = preSolution
		HideSolutionNode = FALSE
	EndGlobalSection
	GlobalSection(ExtensibilityGlobals) = postSolution
		SolutionGuid = {D97BE51B-C9F2-47F4-8BD5-010DE84CC659}
	EndGlobalSection
EndGlobal
