
Microsoft Visual Studio Solution File, Format Version 12.00
# Visual Studio Version 17
VisualStudioVersion = 17.9.34728.123
MinimumVisualStudioVersion = 10.0.40219.1
Project("{9A19103F-16F7-4668-BE54-9A1E7A4F7556}") = "ServiceProject1", "ServiceProject1\ServiceProject1.csproj", "{B4256C7F-24EC-4228-B37A-BBEE96EB90BB}"
EndProject
Project("{2150E333-8FDC-42A3-9474-1A3956D46DE8}") = "Solution Items", "Solution Items", "{1376CBAF-9DF6-47C3-BF0A-BA13D7610B55}"
	ProjectSection(SolutionItems) = preProject
		README.md = README.md
	EndProjectSection
EndProject
Global
	GlobalSection(SolutionConfigurationPlatforms) = preSolution
		Debug|Any CPU = Debug|Any CPU
		Release|Any CPU = Release|Any CPU
	EndGlobalSection
	GlobalSection(ProjectConfigurationPlatforms) = postSolution
		{B4256C7F-24EC-4228-B37A-BBEE96EB90BB}.Debug|Any CPU.ActiveCfg = Debug|Any CPU
		{B4256C7F-24EC-4228-B37A-BBEE96EB90BB}.Debug|Any CPU.Build.0 = Debug|Any CPU
		{B4256C7F-24EC-4228-B37A-BBEE96EB90BB}.Release|Any CPU.ActiveCfg = Release|Any CPU
		{B4256C7F-24EC-4228-B37A-BBEE96EB90BB}.Release|Any CPU.Build.0 = Release|Any CPU
	EndGlobalSection
	GlobalSection(SolutionProperties) = preSolution
		HideSolutionNode = FALSE
	EndGlobalSection
	GlobalSection(ExtensibilityGlobals) = postSolution
		SolutionGuid = {77775134-AABA-4852-BBE8-46B8754D0421}
	EndGlobalSection
EndGlobal
